
Microsoft Visual Studio Solution File, Format Version 12.00
# Visual Studio 15
VisualStudioVersion = 15.0.27703.2000
MinimumVisualStudioVersion = 10.0.40219.1
Project("{FAE04EC0-301F-11D3-BF4B-00C04F79EFBC}") = "ReviewWebsiteProject", "ReviewWebsiteProject\ReviewWebsiteProject.csproj", "{19C95A00-7B3B-4E4B-9FE1-82A330B6DB86}"
EndProject
Global
	GlobalSection(SolutionConfigurationPlatforms) = preSolution
		Debug|Any CPU = Debug|Any CPU
		Release|Any CPU = Release|Any CPU
	EndGlobalSection
	GlobalSection(ProjectConfigurationPlatforms) = postSolution
		{19C95A00-7B3B-4E4B-9FE1-82A330B6DB86}.Debug|Any CPU.ActiveCfg = Debug|Any CPU
		{19C95A00-7B3B-4E4B-9FE1-82A330B6DB86}.Debug|Any CPU.Build.0 = Debug|Any CPU
		{19C95A00-7B3B-4E4B-9FE1-82A330B6DB86}.Release|Any CPU.ActiveCfg = Release|Any CPU
		{19C95A00-7B3B-4E4B-9FE1-82A330B6DB86}.Release|Any CPU.Build.0 = Release|Any CPU
	EndGlobalSection
	GlobalSection(SolutionProperties) = preSolution
		HideSolutionNode = FALSE
	EndGlobalSection
	GlobalSection(ExtensibilityGlobals) = postSolution
		SolutionGuid = {C6156173-F393-4128-B800-DD7FE537D32F}
	EndGlobalSection
EndGlobal
